// !$*UTF8*$!
{
	archiveVersion = 1;
	classes = {
	};
	objectVersion = 52;
	objects = {

/* Begin PBXBuildFile section */
		B61F957826EE42E800CB4017 /* SnapshotTesting in Frameworks */ = {isa = PBXBuildFile; productRef = B61F957726EE42E800CB4017 /* SnapshotTesting */; };
		B679B12126EE1155004D8E6A /* CardsCoreTests.swift in Sources */ = {isa = PBXBuildFile; fileRef = B679B12026EE1155004D8E6A /* CardsCoreTests.swift */; };
		B687832B26EB921A00290988 /* App.swift in Sources */ = {isa = PBXBuildFile; fileRef = B687832A26EB921A00290988 /* App.swift */; };
		B687832F26EB921A00290988 /* Assets.xcassets in Resources */ = {isa = PBXBuildFile; fileRef = B687832E26EB921A00290988 /* Assets.xcassets */; };
		B687833226EB921A00290988 /* Preview Assets.xcassets in Resources */ = {isa = PBXBuildFile; fileRef = B687833126EB921A00290988 /* Preview Assets.xcassets */; };
		B687835D26EB9B2400290988 /* ComposableArchitecture in Frameworks */ = {isa = PBXBuildFile; productRef = B687835C26EB9B2400290988 /* ComposableArchitecture */; };
		B687836826EBA4F500290988 /* CardsView.swift in Sources */ = {isa = PBXBuildFile; fileRef = B687836726EBA4F500290988 /* CardsView.swift */; };
		B687836A26EBA50100290988 /* CardsCore.swift in Sources */ = {isa = PBXBuildFile; fileRef = B687836926EBA50100290988 /* CardsCore.swift */; };
		B687836E26EBA68400290988 /* Cards.swift in Sources */ = {isa = PBXBuildFile; fileRef = B687836D26EBA68400290988 /* Cards.swift */; };
		B687837026EBA78B00290988 /* Card.swift in Sources */ = {isa = PBXBuildFile; fileRef = B687836F26EBA78B00290988 /* Card.swift */; };
		B687837A26EBB55300290988 /* ApiError.swift in Sources */ = {isa = PBXBuildFile; fileRef = B687837926EBB55300290988 /* ApiError.swift */; };
		B687837D26EBB85B00290988 /* ErrorUtility.swift in Sources */ = {isa = PBXBuildFile; fileRef = B687837C26EBB85B00290988 /* ErrorUtility.swift */; };
		B687838226EBBBEC00290988 /* ApiRoute.swift in Sources */ = {isa = PBXBuildFile; fileRef = B687838126EBBBEC00290988 /* ApiRoute.swift */; };
		B687838426EBBDF400290988 /* ApiRouter.swift in Sources */ = {isa = PBXBuildFile; fileRef = B687838326EBBDF400290988 /* ApiRouter.swift */; };
		B687838D26EBC53800290988 /* CardDetailCore.swift in Sources */ = {isa = PBXBuildFile; fileRef = B687838C26EBC53800290988 /* CardDetailCore.swift */; };
		B687838F26EBC53F00290988 /* CardDetailView.swift in Sources */ = {isa = PBXBuildFile; fileRef = B687838E26EBC53F00290988 /* CardDetailView.swift */; };
		B687839826EC8DBE00290988 /* ActivityIndicator.swift in Sources */ = {isa = PBXBuildFile; fileRef = B687839726EC8DBE00290988 /* ActivityIndicator.swift */; };
		B687839C26EC8F3600290988 /* CardItemView.swift in Sources */ = {isa = PBXBuildFile; fileRef = B687839B26EC8F3600290988 /* CardItemView.swift */; };
		B687839F26EC8F7F00290988 /* FavoriteButton.swift in Sources */ = {isa = PBXBuildFile; fileRef = B687839E26EC8F7F00290988 /* FavoriteButton.swift */; };
		B68783A226EC918D00290988 /* FavoritesCore.swift in Sources */ = {isa = PBXBuildFile; fileRef = B68783A126EC918D00290988 /* FavoritesCore.swift */; };
		B68783A426EC919400290988 /* FavoritesView.swift in Sources */ = {isa = PBXBuildFile; fileRef = B68783A326EC919400290988 /* FavoritesView.swift */; };
		B68783AD26EC947A00290988 /* GRDB in Frameworks */ = {isa = PBXBuildFile; productRef = B68783AC26EC947A00290988 /* GRDB */; };
		B68783B526EC97FD00290988 /* Kingfisher in Frameworks */ = {isa = PBXBuildFile; productRef = B68783B426EC97FD00290988 /* Kingfisher */; };
		B68783B726EC987F00290988 /* FavoriteCard.swift in Sources */ = {isa = PBXBuildFile; fileRef = B68783B626EC987F00290988 /* FavoriteCard.swift */; };
		B68783BD26ECB0F300290988 /* LocalDatabaseClient.swift in Sources */ = {isa = PBXBuildFile; fileRef = B68783BC26ECB0F300290988 /* LocalDatabaseClient.swift */; };
		B68783C126ECD76F00290988 /* AppCore.swift in Sources */ = {isa = PBXBuildFile; fileRef = B68783C026ECD76F00290988 /* AppCore.swift */; };
		B68783C326ECD77700290988 /* AppView.swift in Sources */ = {isa = PBXBuildFile; fileRef = B68783C226ECD77700290988 /* AppView.swift */; };
		B68783C526ECD7B000290988 /* AppDelegateCore.swift in Sources */ = {isa = PBXBuildFile; fileRef = B68783C426ECD7B000290988 /* AppDelegateCore.swift */; };
		B68783C726ECEEB900290988 /* Localizable.strings in Resources */ = {isa = PBXBuildFile; fileRef = B68783C926ECEEB900290988 /* Localizable.strings */; };
		B6AC6D2226ED87F500C6E7CB /* LocalDatabaseLive.swift in Sources */ = {isa = PBXBuildFile; fileRef = B6AC6D2126ED87F500C6E7CB /* LocalDatabaseLive.swift */; };
		B6AC6D2526EDA8B100C6E7CB /* ApiClient.swift in Sources */ = {isa = PBXBuildFile; fileRef = B6AC6D2426EDA8B100C6E7CB /* ApiClient.swift */; };
		B6AC6D2726EDA8C200C6E7CB /* ApiLive.swift in Sources */ = {isa = PBXBuildFile; fileRef = B6AC6D2626EDA8C200C6E7CB /* ApiLive.swift */; };
		B6AC6D2926EDBB0D00C6E7CB /* ApiDecode.swift in Sources */ = {isa = PBXBuildFile; fileRef = B6AC6D2826EDBB0D00C6E7CB /* ApiDecode.swift */; };
		FC3B945A26EEE46C00E16904 /* EnvHolder.swift in Sources */ = {isa = PBXBuildFile; fileRef = FC3B945926EEE46C00E16904 /* EnvHolder.swift */; };
		FC3B945C26EEE48C00E16904 /* EnvDecoder.swift in Sources */ = {isa = PBXBuildFile; fileRef = FC3B945B26EEE48C00E16904 /* EnvDecoder.swift */; };
		FC3B945E26EEE52100E16904 /* Env.swift in Sources */ = {isa = PBXBuildFile; fileRef = FC3B945D26EEE52100E16904 /* Env.swift */; };
		FC3B946F26EEF04800E16904 /* SnapshotTesting in Frameworks */ = {isa = PBXBuildFile; productRef = FC3B946E26EEF04800E16904 /* SnapshotTesting */; };
		FC3B947226EEF0A300E16904 /* CardsViewTests.swift in Sources */ = {isa = PBXBuildFile; fileRef = B679B12526EE3ED9004D8E6A /* CardsViewTests.swift */; };
		FC3B947326EEF12B00E16904 /* SnapshotDevices.swift in Sources */ = {isa = PBXBuildFile; fileRef = B61F957A26EE51C000CB4017 /* SnapshotDevices.swift */; };
/* End PBXBuildFile section */

/* Begin PBXContainerItemProxy section */
		B687833926EB921A00290988 /* PBXContainerItemProxy */ = {
			isa = PBXContainerItemProxy;
			containerPortal = B687831F26EB921A00290988 /* Project object */;
			proxyType = 1;
			remoteGlobalIDString = B687832626EB921A00290988;
			remoteInfo = SwiftUIComposableArchitecture;
		};
		FC3B946826EEF00600E16904 /* PBXContainerItemProxy */ = {
			isa = PBXContainerItemProxy;
			containerPortal = B687831F26EB921A00290988 /* Project object */;
			proxyType = 1;
			remoteGlobalIDString = B687832626EB921A00290988;
			remoteInfo = SwiftUIComposableArchitecture;
		};
/* End PBXContainerItemProxy section */

/* Begin PBXFileReference section */
		B61F957A26EE51C000CB4017 /* SnapshotDevices.swift */ = {isa = PBXFileReference; lastKnownFileType = sourcecode.swift; path = SnapshotDevices.swift; sourceTree = "<group>"; };
		B679B12026EE1155004D8E6A /* CardsCoreTests.swift */ = {isa = PBXFileReference; lastKnownFileType = sourcecode.swift; path = CardsCoreTests.swift; sourceTree = "<group>"; };
		B679B12526EE3ED9004D8E6A /* CardsViewTests.swift */ = {isa = PBXFileReference; lastKnownFileType = sourcecode.swift; path = CardsViewTests.swift; sourceTree = "<group>"; };
		B687832726EB921A00290988 /* SwiftUIComposableArchitecture.app */ = {isa = PBXFileReference; explicitFileType = wrapper.application; includeInIndex = 0; path = SwiftUIComposableArchitecture.app; sourceTree = BUILT_PRODUCTS_DIR; };
		B687832A26EB921A00290988 /* App.swift */ = {isa = PBXFileReference; lastKnownFileType = sourcecode.swift; path = App.swift; sourceTree = "<group>"; };
		B687832E26EB921A00290988 /* Assets.xcassets */ = {isa = PBXFileReference; lastKnownFileType = folder.assetcatalog; path = Assets.xcassets; sourceTree = "<group>"; };
		B687833126EB921A00290988 /* Preview Assets.xcassets */ = {isa = PBXFileReference; lastKnownFileType = folder.assetcatalog; path = "Preview Assets.xcassets"; sourceTree = "<group>"; };
		B687833326EB921A00290988 /* Info.plist */ = {isa = PBXFileReference; lastKnownFileType = text.plist.xml; path = Info.plist; sourceTree = "<group>"; };
		B687833826EB921A00290988 /* SwiftUIComposableArchitectureTests.xctest */ = {isa = PBXFileReference; explicitFileType = wrapper.cfbundle; includeInIndex = 0; path = SwiftUIComposableArchitectureTests.xctest; sourceTree = BUILT_PRODUCTS_DIR; };
		B687833E26EB921A00290988 /* Info.plist */ = {isa = PBXFileReference; lastKnownFileType = text.plist.xml; path = Info.plist; sourceTree = "<group>"; };
		B687836726EBA4F500290988 /* CardsView.swift */ = {isa = PBXFileReference; lastKnownFileType = sourcecode.swift; path = CardsView.swift; sourceTree = "<group>"; };
		B687836926EBA50100290988 /* CardsCore.swift */ = {isa = PBXFileReference; lastKnownFileType = sourcecode.swift; path = CardsCore.swift; sourceTree = "<group>"; };
		B687836D26EBA68400290988 /* Cards.swift */ = {isa = PBXFileReference; lastKnownFileType = sourcecode.swift; path = Cards.swift; sourceTree = "<group>"; };
		B687836F26EBA78B00290988 /* Card.swift */ = {isa = PBXFileReference; lastKnownFileType = sourcecode.swift; path = Card.swift; sourceTree = "<group>"; };
		B687837926EBB55300290988 /* ApiError.swift */ = {isa = PBXFileReference; lastKnownFileType = sourcecode.swift; path = ApiError.swift; sourceTree = "<group>"; };
		B687837C26EBB85B00290988 /* ErrorUtility.swift */ = {isa = PBXFileReference; lastKnownFileType = sourcecode.swift; path = ErrorUtility.swift; sourceTree = "<group>"; };
		B687838126EBBBEC00290988 /* ApiRoute.swift */ = {isa = PBXFileReference; lastKnownFileType = sourcecode.swift; path = ApiRoute.swift; sourceTree = "<group>"; };
		B687838326EBBDF400290988 /* ApiRouter.swift */ = {isa = PBXFileReference; lastKnownFileType = sourcecode.swift; path = ApiRouter.swift; sourceTree = "<group>"; };
		B687838C26EBC53800290988 /* CardDetailCore.swift */ = {isa = PBXFileReference; lastKnownFileType = sourcecode.swift; path = CardDetailCore.swift; sourceTree = "<group>"; };
		B687838E26EBC53F00290988 /* CardDetailView.swift */ = {isa = PBXFileReference; lastKnownFileType = sourcecode.swift; path = CardDetailView.swift; sourceTree = "<group>"; };
		B687839726EC8DBE00290988 /* ActivityIndicator.swift */ = {isa = PBXFileReference; lastKnownFileType = sourcecode.swift; path = ActivityIndicator.swift; sourceTree = "<group>"; };
		B687839B26EC8F3600290988 /* CardItemView.swift */ = {isa = PBXFileReference; lastKnownFileType = sourcecode.swift; path = CardItemView.swift; sourceTree = "<group>"; };
		B687839E26EC8F7F00290988 /* FavoriteButton.swift */ = {isa = PBXFileReference; lastKnownFileType = sourcecode.swift; path = FavoriteButton.swift; sourceTree = "<group>"; };
		B68783A126EC918D00290988 /* FavoritesCore.swift */ = {isa = PBXFileReference; lastKnownFileType = sourcecode.swift; path = FavoritesCore.swift; sourceTree = "<group>"; };
		B68783A326EC919400290988 /* FavoritesView.swift */ = {isa = PBXFileReference; lastKnownFileType = sourcecode.swift; path = FavoritesView.swift; sourceTree = "<group>"; };
		B68783B626EC987F00290988 /* FavoriteCard.swift */ = {isa = PBXFileReference; lastKnownFileType = sourcecode.swift; path = FavoriteCard.swift; sourceTree = "<group>"; };
		B68783BC26ECB0F300290988 /* LocalDatabaseClient.swift */ = {isa = PBXFileReference; lastKnownFileType = sourcecode.swift; path = LocalDatabaseClient.swift; sourceTree = "<group>"; };
		B68783C026ECD76F00290988 /* AppCore.swift */ = {isa = PBXFileReference; lastKnownFileType = sourcecode.swift; path = AppCore.swift; sourceTree = "<group>"; };
		B68783C226ECD77700290988 /* AppView.swift */ = {isa = PBXFileReference; lastKnownFileType = sourcecode.swift; path = AppView.swift; sourceTree = "<group>"; };
		B68783C426ECD7B000290988 /* AppDelegateCore.swift */ = {isa = PBXFileReference; lastKnownFileType = sourcecode.swift; path = AppDelegateCore.swift; sourceTree = "<group>"; };
		B68783CA26ECEEBE00290988 /* en */ = {isa = PBXFileReference; lastKnownFileType = text.plist.strings; name = en; path = en.lproj/Localizable.strings; sourceTree = "<group>"; };
		B68783CB26ECEEDC00290988 /* ja */ = {isa = PBXFileReference; lastKnownFileType = text.plist.strings; name = ja; path = ja.lproj/Localizable.strings; sourceTree = "<group>"; };
		B6AC6D2126ED87F500C6E7CB /* LocalDatabaseLive.swift */ = {isa = PBXFileReference; lastKnownFileType = sourcecode.swift; path = LocalDatabaseLive.swift; sourceTree = "<group>"; };
		B6AC6D2426EDA8B100C6E7CB /* ApiClient.swift */ = {isa = PBXFileReference; lastKnownFileType = sourcecode.swift; path = ApiClient.swift; sourceTree = "<group>"; };
		B6AC6D2626EDA8C200C6E7CB /* ApiLive.swift */ = {isa = PBXFileReference; lastKnownFileType = sourcecode.swift; path = ApiLive.swift; sourceTree = "<group>"; };
		B6AC6D2826EDBB0D00C6E7CB /* ApiDecode.swift */ = {isa = PBXFileReference; lastKnownFileType = sourcecode.swift; path = ApiDecode.swift; sourceTree = "<group>"; };
		FC3B945726EEE20100E16904 /* Production.xcconfig */ = {isa = PBXFileReference; lastKnownFileType = text.xcconfig; path = Production.xcconfig; sourceTree = "<group>"; };
		FC3B945926EEE46C00E16904 /* EnvHolder.swift */ = {isa = PBXFileReference; lastKnownFileType = sourcecode.swift; path = EnvHolder.swift; sourceTree = "<group>"; };
		FC3B945B26EEE48C00E16904 /* EnvDecoder.swift */ = {isa = PBXFileReference; lastKnownFileType = sourcecode.swift; path = EnvDecoder.swift; sourceTree = "<group>"; };
		FC3B945D26EEE52100E16904 /* Env.swift */ = {isa = PBXFileReference; lastKnownFileType = sourcecode.swift; path = Env.swift; sourceTree = "<group>"; };
		FC3B946326EEF00600E16904 /* SwiftUIComposableArchitectureSnapshotTests.xctest */ = {isa = PBXFileReference; explicitFileType = wrapper.cfbundle; includeInIndex = 0; path = SwiftUIComposableArchitectureSnapshotTests.xctest; sourceTree = BUILT_PRODUCTS_DIR; };
		FC3B946726EEF00600E16904 /* Info.plist */ = {isa = PBXFileReference; lastKnownFileType = text.plist.xml; path = Info.plist; sourceTree = "<group>"; };
		FCA7B54626EEDDF7001A3864 /* Development.xcconfig */ = {isa = PBXFileReference; lastKnownFileType = text.xcconfig; path = Development.xcconfig; sourceTree = "<group>"; };
/* End PBXFileReference section */

/* Begin PBXFrameworksBuildPhase section */
		B687832426EB921A00290988 /* Frameworks */ = {
			isa = PBXFrameworksBuildPhase;
			buildActionMask = 2147483647;
			files = (
				B68783B526EC97FD00290988 /* Kingfisher in Frameworks */,
				B68783AD26EC947A00290988 /* GRDB in Frameworks */,
				B687835D26EB9B2400290988 /* ComposableArchitecture in Frameworks */,
			);
			runOnlyForDeploymentPostprocessing = 0;
		};
		B687833526EB921A00290988 /* Frameworks */ = {
			isa = PBXFrameworksBuildPhase;
			buildActionMask = 2147483647;
			files = (
				B61F957826EE42E800CB4017 /* SnapshotTesting in Frameworks */,
			);
			runOnlyForDeploymentPostprocessing = 0;
		};
		FC3B946026EEF00600E16904 /* Frameworks */ = {
			isa = PBXFrameworksBuildPhase;
			buildActionMask = 2147483647;
			files = (
				FC3B946F26EEF04800E16904 /* SnapshotTesting in Frameworks */,
			);
			runOnlyForDeploymentPostprocessing = 0;
		};
/* End PBXFrameworksBuildPhase section */

/* Begin PBXGroup section */
		B679B11F26EE110E004D8E6A /* CardsTests */ = {
			isa = PBXGroup;
			children = (
				B679B12026EE1155004D8E6A /* CardsCoreTests.swift */,
			);
			path = CardsTests;
			sourceTree = "<group>";
		};
		B687831E26EB921A00290988 = {
			isa = PBXGroup;
			children = (
				B687832926EB921A00290988 /* SwiftUIComposableArchitecture */,
				B687833B26EB921A00290988 /* SwiftUIComposableArchitectureTests */,
				FC3B946426EEF00600E16904 /* SwiftUIComposableArchitectureSnapshotTests */,
				B687832826EB921A00290988 /* Products */,
				FC3B946D26EEF04800E16904 /* Frameworks */,
			);
			sourceTree = "<group>";
		};
		B687832826EB921A00290988 /* Products */ = {
			isa = PBXGroup;
			children = (
				B687832726EB921A00290988 /* SwiftUIComposableArchitecture.app */,
				B687833826EB921A00290988 /* SwiftUIComposableArchitectureTests.xctest */,
				FC3B946326EEF00600E16904 /* SwiftUIComposableArchitectureSnapshotTests.xctest */,
			);
			name = Products;
			sourceTree = "<group>";
		};
		B687832926EB921A00290988 /* SwiftUIComposableArchitecture */ = {
			isa = PBXGroup;
			children = (
				B687835E26EB9E1800290988 /* Application */,
				B6AC6D1D26ED82DC00C6E7CB /* Modules */,
				B687835F26EB9E3300290988 /* Previews */,
				B687837B26EBB84B00290988 /* Utility */,
			);
			path = SwiftUIComposableArchitecture;
			sourceTree = "<group>";
		};
		B687833B26EB921A00290988 /* SwiftUIComposableArchitectureTests */ = {
			isa = PBXGroup;
			children = (
				FC3B947426EEF1EC00E16904 /* Application */,
				B679B11F26EE110E004D8E6A /* CardsTests */,
			);
			path = SwiftUIComposableArchitectureTests;
			sourceTree = "<group>";
		};
		B687835E26EB9E1800290988 /* Application */ = {
			isa = PBXGroup;
			children = (
				B687832A26EB921A00290988 /* App.swift */,
				B68783C426ECD7B000290988 /* AppDelegateCore.swift */,
				B687832E26EB921A00290988 /* Assets.xcassets */,
				FCA7B54526EEDD99001A3864 /* ConfigurationSettings */,
				FC3B945826EEE45E00E16904 /* Environment */,
				B687833326EB921A00290988 /* Info.plist */,
				B68783A526EC91EB00290988 /* Localization */,
			);
			path = Application;
			sourceTree = "<group>";
		};
		B687835F26EB9E3300290988 /* Previews */ = {
			isa = PBXGroup;
			children = (
				B687833126EB921A00290988 /* Preview Assets.xcassets */,
			);
			path = Previews;
			sourceTree = "<group>";
		};
		B687836026EB9ED700290988 /* Components */ = {
			isa = PBXGroup;
			children = (
				B687836126EB9F5200290988 /* App */,
				B687838B26EBC53300290988 /* CardDetail */,
				B687836626EBA4E700290988 /* Cards */,
				B68783A026EC918100290988 /* Favorites */,
			);
			path = Components;
			sourceTree = "<group>";
		};
		B687836126EB9F5200290988 /* App */ = {
			isa = PBXGroup;
			children = (
				B68783C026ECD76F00290988 /* AppCore.swift */,
				B68783C226ECD77700290988 /* AppView.swift */,
			);
			path = App;
			sourceTree = "<group>";
		};
		B687836626EBA4E700290988 /* Cards */ = {
			isa = PBXGroup;
			children = (
				B687836926EBA50100290988 /* CardsCore.swift */,
				B687836726EBA4F500290988 /* CardsView.swift */,
			);
			path = Cards;
			sourceTree = "<group>";
		};
		B687836C26EBA67A00290988 /* Models */ = {
			isa = PBXGroup;
			children = (
				B6AC6D1E26ED849600C6E7CB /* Api */,
				B6AC6D1F26ED849C00C6E7CB /* Database */,
			);
			path = Models;
			sourceTree = "<group>";
		};
		B687837326EBB39E00290988 /* Client */ = {
			isa = PBXGroup;
			children = (
				B6AC6D2326EDA87900C6E7CB /* Api */,
				B6AC6D2026ED87D000C6E7CB /* LocalDatabase */,
			);
			path = Client;
			sourceTree = "<group>";
		};
		B687837B26EBB84B00290988 /* Utility */ = {
			isa = PBXGroup;
			children = (
				B687837C26EBB85B00290988 /* ErrorUtility.swift */,
			);
			path = Utility;
			sourceTree = "<group>";
		};
		B687838026EBBBA100290988 /* Router */ = {
			isa = PBXGroup;
			children = (
				B687838926EBBF8A00290988 /* ApiRoute */,
				B687838526EBBE6F00290988 /* ApiRouter */,
			);
			path = Router;
			sourceTree = "<group>";
		};
		B687838526EBBE6F00290988 /* ApiRouter */ = {
			isa = PBXGroup;
			children = (
				B687838326EBBDF400290988 /* ApiRouter.swift */,
			);
			path = ApiRouter;
			sourceTree = "<group>";
		};
		B687838926EBBF8A00290988 /* ApiRoute */ = {
			isa = PBXGroup;
			children = (
				B687838126EBBBEC00290988 /* ApiRoute.swift */,
			);
			path = ApiRoute;
			sourceTree = "<group>";
		};
		B687838B26EBC53300290988 /* CardDetail */ = {
			isa = PBXGroup;
			children = (
				B687838C26EBC53800290988 /* CardDetailCore.swift */,
				B687838E26EBC53F00290988 /* CardDetailView.swift */,
			);
			path = CardDetail;
			sourceTree = "<group>";
		};
		B687839526EC8D9B00290988 /* DesignSystem */ = {
			isa = PBXGroup;
			children = (
				B687839926EC8F2100290988 /* Components */,
				B687839626EC8DB100290988 /* Representables */,
			);
			path = DesignSystem;
			sourceTree = "<group>";
		};
		B687839626EC8DB100290988 /* Representables */ = {
			isa = PBXGroup;
			children = (
				B687839726EC8DBE00290988 /* ActivityIndicator.swift */,
			);
			path = Representables;
			sourceTree = "<group>";
		};
		B687839926EC8F2100290988 /* Components */ = {
			isa = PBXGroup;
			children = (
				B687839D26EC8F6C00290988 /* Buttons */,
				B687839A26EC8F2F00290988 /* Items */,
			);
			path = Components;
			sourceTree = "<group>";
		};
		B687839A26EC8F2F00290988 /* Items */ = {
			isa = PBXGroup;
			children = (
				B687839B26EC8F3600290988 /* CardItemView.swift */,
			);
			path = Items;
			sourceTree = "<group>";
		};
		B687839D26EC8F6C00290988 /* Buttons */ = {
			isa = PBXGroup;
			children = (
				B687839E26EC8F7F00290988 /* FavoriteButton.swift */,
			);
			path = Buttons;
			sourceTree = "<group>";
		};
		B68783A026EC918100290988 /* Favorites */ = {
			isa = PBXGroup;
			children = (
				B68783A126EC918D00290988 /* FavoritesCore.swift */,
				B68783A326EC919400290988 /* FavoritesView.swift */,
			);
			path = Favorites;
			sourceTree = "<group>";
		};
		B68783A526EC91EB00290988 /* Localization */ = {
			isa = PBXGroup;
			children = (
				B68783C926ECEEB900290988 /* Localizable.strings */,
			);
			path = Localization;
			sourceTree = "<group>";
		};
		B6AC6D1D26ED82DC00C6E7CB /* Modules */ = {
			isa = PBXGroup;
			children = (
				B687837326EBB39E00290988 /* Client */,
				B687836026EB9ED700290988 /* Components */,
				B687839526EC8D9B00290988 /* DesignSystem */,
				B687836C26EBA67A00290988 /* Models */,
			);
			path = Modules;
			sourceTree = "<group>";
		};
		B6AC6D1E26ED849600C6E7CB /* Api */ = {
			isa = PBXGroup;
			children = (
				B687837926EBB55300290988 /* ApiError.swift */,
				B687836F26EBA78B00290988 /* Card.swift */,
				B687836D26EBA68400290988 /* Cards.swift */,
			);
			path = Api;
			sourceTree = "<group>";
		};
		B6AC6D1F26ED849C00C6E7CB /* Database */ = {
			isa = PBXGroup;
			children = (
				B68783B626EC987F00290988 /* FavoriteCard.swift */,
			);
			path = Database;
			sourceTree = "<group>";
		};
		B6AC6D2026ED87D000C6E7CB /* LocalDatabase */ = {
			isa = PBXGroup;
			children = (
				B68783BC26ECB0F300290988 /* LocalDatabaseClient.swift */,
				B6AC6D2126ED87F500C6E7CB /* LocalDatabaseLive.swift */,
			);
			path = LocalDatabase;
			sourceTree = "<group>";
		};
		B6AC6D2326EDA87900C6E7CB /* Api */ = {
			isa = PBXGroup;
			children = (
				B6AC6D2A26EDCA9E00C6E7CB /* ApiDecode */,
				B687838026EBBBA100290988 /* Router */,
				B6AC6D2426EDA8B100C6E7CB /* ApiClient.swift */,
				B6AC6D2626EDA8C200C6E7CB /* ApiLive.swift */,
			);
			path = Api;
			sourceTree = "<group>";
		};
		B6AC6D2A26EDCA9E00C6E7CB /* ApiDecode */ = {
			isa = PBXGroup;
			children = (
				B6AC6D2826EDBB0D00C6E7CB /* ApiDecode.swift */,
			);
			path = ApiDecode;
			sourceTree = "<group>";
		};
		FC3B945826EEE45E00E16904 /* Environment */ = {
			isa = PBXGroup;
			children = (
				FC3B945D26EEE52100E16904 /* Env.swift */,
				FC3B945B26EEE48C00E16904 /* EnvDecoder.swift */,
				FC3B945926EEE46C00E16904 /* EnvHolder.swift */,
			);
			path = Environment;
			sourceTree = "<group>";
		};
		FC3B946426EEF00600E16904 /* SwiftUIComposableArchitectureSnapshotTests */ = {
			isa = PBXGroup;
			children = (
				FC3B947526EEF26500E16904 /* Application */,
				FC3B947126EEF05E00E16904 /* CardsTests */,
				FC3B947026EEF05900E16904 /* SnapshotDevices */,
			);
			path = SwiftUIComposableArchitectureSnapshotTests;
			sourceTree = "<group>";
		};
		FC3B946D26EEF04800E16904 /* Frameworks */ = {
			isa = PBXGroup;
			children = (
			);
			name = Frameworks;
			sourceTree = "<group>";
		};
		FC3B947026EEF05900E16904 /* SnapshotDevices */ = {
			isa = PBXGroup;
			children = (
				B61F957A26EE51C000CB4017 /* SnapshotDevices.swift */,
			);
			path = SnapshotDevices;
			sourceTree = "<group>";
		};
		FC3B947126EEF05E00E16904 /* CardsTests */ = {
			isa = PBXGroup;
			children = (
				B679B12526EE3ED9004D8E6A /* CardsViewTests.swift */,
			);
			path = CardsTests;
			sourceTree = "<group>";
		};
		FC3B947426EEF1EC00E16904 /* Application */ = {
			isa = PBXGroup;
			children = (
				B687833E26EB921A00290988 /* Info.plist */,
			);
			path = Application;
			sourceTree = "<group>";
		};
		FC3B947526EEF26500E16904 /* Application */ = {
			isa = PBXGroup;
			children = (
				FC3B946726EEF00600E16904 /* Info.plist */,
			);
			path = Application;
			sourceTree = "<group>";
		};
		FCA7B54526EEDD99001A3864 /* ConfigurationSettings */ = {
			isa = PBXGroup;
			children = (
				FCA7B54626EEDDF7001A3864 /* Development.xcconfig */,
				FC3B945726EEE20100E16904 /* Production.xcconfig */,
			);
			path = ConfigurationSettings;
			sourceTree = "<group>";
		};
/* End PBXGroup section */

/* Begin PBXNativeTarget section */
		B687832626EB921A00290988 /* SwiftUIComposableArchitecture */ = {
			isa = PBXNativeTarget;
			buildConfigurationList = B687834C26EB921A00290988 /* Build configuration list for PBXNativeTarget "SwiftUIComposableArchitecture" */;
			buildPhases = (
				B687832326EB921A00290988 /* Sources */,
				B687832426EB921A00290988 /* Frameworks */,
				B687832526EB921A00290988 /* Resources */,
			);
			buildRules = (
			);
			dependencies = (
			);
			name = SwiftUIComposableArchitecture;
			packageProductDependencies = (
				B687835C26EB9B2400290988 /* ComposableArchitecture */,
				B68783AC26EC947A00290988 /* GRDB */,
				B68783B426EC97FD00290988 /* Kingfisher */,
			);
			productName = SwiftUIComposableArchitecture;
			productReference = B687832726EB921A00290988 /* SwiftUIComposableArchitecture.app */;
			productType = "com.apple.product-type.application";
		};
		B687833726EB921A00290988 /* SwiftUIComposableArchitectureTests */ = {
			isa = PBXNativeTarget;
			buildConfigurationList = B687834F26EB921A00290988 /* Build configuration list for PBXNativeTarget "SwiftUIComposableArchitectureTests" */;
			buildPhases = (
				B687833426EB921A00290988 /* Sources */,
				B687833526EB921A00290988 /* Frameworks */,
				B687833626EB921A00290988 /* Resources */,
			);
			buildRules = (
			);
			dependencies = (
				B687833A26EB921A00290988 /* PBXTargetDependency */,
			);
			name = SwiftUIComposableArchitectureTests;
			packageProductDependencies = (
				B61F957726EE42E800CB4017 /* SnapshotTesting */,
			);
			productName = SwiftUIComposableArchitectureTests;
			productReference = B687833826EB921A00290988 /* SwiftUIComposableArchitectureTests.xctest */;
			productType = "com.apple.product-type.bundle.unit-test";
		};
		FC3B946226EEF00600E16904 /* SwiftUIComposableArchitectureSnapshotTests */ = {
			isa = PBXNativeTarget;
			buildConfigurationList = FC3B946A26EEF00600E16904 /* Build configuration list for PBXNativeTarget "SwiftUIComposableArchitectureSnapshotTests" */;
			buildPhases = (
				FC3B945F26EEF00600E16904 /* Sources */,
				FC3B946026EEF00600E16904 /* Frameworks */,
				FC3B946126EEF00600E16904 /* Resources */,
			);
			buildRules = (
			);
			dependencies = (
				FC3B946926EEF00600E16904 /* PBXTargetDependency */,
			);
			name = SwiftUIComposableArchitectureSnapshotTests;
			packageProductDependencies = (
				FC3B946E26EEF04800E16904 /* SnapshotTesting */,
			);
			productName = SwiftUIComposableArchitectureSnapshotTests;
			productReference = FC3B946326EEF00600E16904 /* SwiftUIComposableArchitectureSnapshotTests.xctest */;
			productType = "com.apple.product-type.bundle.unit-test";
		};
/* End PBXNativeTarget section */

/* Begin PBXProject section */
		B687831F26EB921A00290988 /* Project object */ = {
			isa = PBXProject;
			attributes = {
				LastSwiftUpdateCheck = 1250;
				LastUpgradeCheck = 1250;
				TargetAttributes = {
					B687832626EB921A00290988 = {
						CreatedOnToolsVersion = 12.5;
					};
					B687833726EB921A00290988 = {
						CreatedOnToolsVersion = 12.5;
						LastSwiftMigration = 1250;
						TestTargetID = B687832626EB921A00290988;
					};
					FC3B946226EEF00600E16904 = {
						CreatedOnToolsVersion = 12.5;
						TestTargetID = B687832626EB921A00290988;
					};
				};
			};
			buildConfigurationList = B687832226EB921A00290988 /* Build configuration list for PBXProject "SwiftUIComposableArchitecture" */;
			compatibilityVersion = "Xcode 9.3";
			developmentRegion = en;
			hasScannedForEncodings = 0;
			knownRegions = (
				en,
				Base,
				ja,
			);
			mainGroup = B687831E26EB921A00290988;
			packageReferences = (
				B687835B26EB9B2400290988 /* XCRemoteSwiftPackageReference "swift-composable-architecture" */,
				B68783AB26EC947A00290988 /* XCRemoteSwiftPackageReference "GRDB" */,
				B68783B326EC97FD00290988 /* XCRemoteSwiftPackageReference "Kingfisher" */,
				B61F957626EE42E800CB4017 /* XCRemoteSwiftPackageReference "swift-snapshot-testing" */,
			);
			productRefGroup = B687832826EB921A00290988 /* Products */;
			projectDirPath = "";
			projectRoot = "";
			targets = (
				B687832626EB921A00290988 /* SwiftUIComposableArchitecture */,
				B687833726EB921A00290988 /* SwiftUIComposableArchitectureTests */,
				FC3B946226EEF00600E16904 /* SwiftUIComposableArchitectureSnapshotTests */,
			);
		};
/* End PBXProject section */

/* Begin PBXResourcesBuildPhase section */
		B687832526EB921A00290988 /* Resources */ = {
			isa = PBXResourcesBuildPhase;
			buildActionMask = 2147483647;
			files = (
				B687833226EB921A00290988 /* Preview Assets.xcassets in Resources */,
				B68783C726ECEEB900290988 /* Localizable.strings in Resources */,
				B687832F26EB921A00290988 /* Assets.xcassets in Resources */,
			);
			runOnlyForDeploymentPostprocessing = 0;
		};
		B687833626EB921A00290988 /* Resources */ = {
			isa = PBXResourcesBuildPhase;
			buildActionMask = 2147483647;
			files = (
			);
			runOnlyForDeploymentPostprocessing = 0;
		};
		FC3B946126EEF00600E16904 /* Resources */ = {
			isa = PBXResourcesBuildPhase;
			buildActionMask = 2147483647;
			files = (
			);
			runOnlyForDeploymentPostprocessing = 0;
		};
/* End PBXResourcesBuildPhase section */

/* Begin PBXSourcesBuildPhase section */
		B687832326EB921A00290988 /* Sources */ = {
			isa = PBXSourcesBuildPhase;
			buildActionMask = 2147483647;
			files = (
				B6AC6D2226ED87F500C6E7CB /* LocalDatabaseLive.swift in Sources */,
				B68783A426EC919400290988 /* FavoritesView.swift in Sources */,
				B68783BD26ECB0F300290988 /* LocalDatabaseClient.swift in Sources */,
				B687832B26EB921A00290988 /* App.swift in Sources */,
				B68783A226EC918D00290988 /* FavoritesCore.swift in Sources */,
				B6AC6D2526EDA8B100C6E7CB /* ApiClient.swift in Sources */,
				B6AC6D2726EDA8C200C6E7CB /* ApiLive.swift in Sources */,
				FC3B945A26EEE46C00E16904 /* EnvHolder.swift in Sources */,
				B68783C526ECD7B000290988 /* AppDelegateCore.swift in Sources */,
				B687839F26EC8F7F00290988 /* FavoriteButton.swift in Sources */,
				B687838226EBBBEC00290988 /* ApiRoute.swift in Sources */,
				B687839C26EC8F3600290988 /* CardItemView.swift in Sources */,
				B687838D26EBC53800290988 /* CardDetailCore.swift in Sources */,
				B687837026EBA78B00290988 /* Card.swift in Sources */,
				B687838426EBBDF400290988 /* ApiRouter.swift in Sources */,
				B6AC6D2926EDBB0D00C6E7CB /* ApiDecode.swift in Sources */,
				B68783B726EC987F00290988 /* FavoriteCard.swift in Sources */,
				FC3B945E26EEE52100E16904 /* Env.swift in Sources */,
				B687837A26EBB55300290988 /* ApiError.swift in Sources */,
				B687837D26EBB85B00290988 /* ErrorUtility.swift in Sources */,
				B687836A26EBA50100290988 /* CardsCore.swift in Sources */,
				B68783C326ECD77700290988 /* AppView.swift in Sources */,
				B687836E26EBA68400290988 /* Cards.swift in Sources */,
				B687836826EBA4F500290988 /* CardsView.swift in Sources */,
				FC3B945C26EEE48C00E16904 /* EnvDecoder.swift in Sources */,
				B687838F26EBC53F00290988 /* CardDetailView.swift in Sources */,
				B687839826EC8DBE00290988 /* ActivityIndicator.swift in Sources */,
				B68783C126ECD76F00290988 /* AppCore.swift in Sources */,
			);
			runOnlyForDeploymentPostprocessing = 0;
		};
		B687833426EB921A00290988 /* Sources */ = {
			isa = PBXSourcesBuildPhase;
			buildActionMask = 2147483647;
			files = (
				B679B12126EE1155004D8E6A /* CardsCoreTests.swift in Sources */,
			);
			runOnlyForDeploymentPostprocessing = 0;
		};
		FC3B945F26EEF00600E16904 /* Sources */ = {
			isa = PBXSourcesBuildPhase;
			buildActionMask = 2147483647;
			files = (
				FC3B947226EEF0A300E16904 /* CardsViewTests.swift in Sources */,
				FC3B947326EEF12B00E16904 /* SnapshotDevices.swift in Sources */,
			);
			runOnlyForDeploymentPostprocessing = 0;
		};
/* End PBXSourcesBuildPhase section */

/* Begin PBXTargetDependency section */
		B687833A26EB921A00290988 /* PBXTargetDependency */ = {
			isa = PBXTargetDependency;
			target = B687832626EB921A00290988 /* SwiftUIComposableArchitecture */;
			targetProxy = B687833926EB921A00290988 /* PBXContainerItemProxy */;
		};
		FC3B946926EEF00600E16904 /* PBXTargetDependency */ = {
			isa = PBXTargetDependency;
			target = B687832626EB921A00290988 /* SwiftUIComposableArchitecture */;
			targetProxy = FC3B946826EEF00600E16904 /* PBXContainerItemProxy */;
		};
/* End PBXTargetDependency section */

/* Begin PBXVariantGroup section */
		B68783C926ECEEB900290988 /* Localizable.strings */ = {
			isa = PBXVariantGroup;
			children = (
				B68783CA26ECEEBE00290988 /* en */,
				B68783CB26ECEEDC00290988 /* ja */,
			);
			name = Localizable.strings;
			sourceTree = "<group>";
		};
/* End PBXVariantGroup section */

/* Begin XCBuildConfiguration section */
		B687834A26EB921A00290988 /* Debug */ = {
			isa = XCBuildConfiguration;
			buildSettings = {
				ALWAYS_SEARCH_USER_PATHS = NO;
				CLANG_ANALYZER_NONNULL = YES;
				CLANG_ANALYZER_NUMBER_OBJECT_CONVERSION = YES_AGGRESSIVE;
				CLANG_CXX_LANGUAGE_STANDARD = "gnu++14";
				CLANG_CXX_LIBRARY = "libc++";
				CLANG_ENABLE_MODULES = YES;
				CLANG_ENABLE_OBJC_ARC = YES;
				CLANG_ENABLE_OBJC_WEAK = YES;
				CLANG_WARN_BLOCK_CAPTURE_AUTORELEASING = YES;
				CLANG_WARN_BOOL_CONVERSION = YES;
				CLANG_WARN_COMMA = YES;
				CLANG_WARN_CONSTANT_CONVERSION = YES;
				CLANG_WARN_DEPRECATED_OBJC_IMPLEMENTATIONS = YES;
				CLANG_WARN_DIRECT_OBJC_ISA_USAGE = YES_ERROR;
				CLANG_WARN_DOCUMENTATION_COMMENTS = YES;
				CLANG_WARN_EMPTY_BODY = YES;
				CLANG_WARN_ENUM_CONVERSION = YES;
				CLANG_WARN_INFINITE_RECURSION = YES;
				CLANG_WARN_INT_CONVERSION = YES;
				CLANG_WARN_NON_LITERAL_NULL_CONVERSION = YES;
				CLANG_WARN_OBJC_IMPLICIT_RETAIN_SELF = YES;
				CLANG_WARN_OBJC_LITERAL_CONVERSION = YES;
				CLANG_WARN_OBJC_ROOT_CLASS = YES_ERROR;
				CLANG_WARN_QUOTED_INCLUDE_IN_FRAMEWORK_HEADER = YES;
				CLANG_WARN_RANGE_LOOP_ANALYSIS = YES;
				CLANG_WARN_STRICT_PROTOTYPES = YES;
				CLANG_WARN_SUSPICIOUS_MOVE = YES;
				CLANG_WARN_UNGUARDED_AVAILABILITY = YES_AGGRESSIVE;
				CLANG_WARN_UNREACHABLE_CODE = YES;
				CLANG_WARN__DUPLICATE_METHOD_MATCH = YES;
				COPY_PHASE_STRIP = NO;
				DEBUG_INFORMATION_FORMAT = dwarf;
				ENABLE_STRICT_OBJC_MSGSEND = YES;
				ENABLE_TESTABILITY = YES;
				GCC_C_LANGUAGE_STANDARD = gnu11;
				GCC_DYNAMIC_NO_PIC = NO;
				GCC_NO_COMMON_BLOCKS = YES;
				GCC_OPTIMIZATION_LEVEL = 0;
				GCC_PREPROCESSOR_DEFINITIONS = (
					"DEBUG=1",
					"$(inherited)",
				);
				GCC_WARN_64_TO_32_BIT_CONVERSION = YES;
				GCC_WARN_ABOUT_RETURN_TYPE = YES_ERROR;
				GCC_WARN_UNDECLARED_SELECTOR = YES;
				GCC_WARN_UNINITIALIZED_AUTOS = YES_AGGRESSIVE;
				GCC_WARN_UNUSED_FUNCTION = YES;
				GCC_WARN_UNUSED_VARIABLE = YES;
				IPHONEOS_DEPLOYMENT_TARGET = 14.0;
				MTL_ENABLE_DEBUG_INFO = INCLUDE_SOURCE;
				MTL_FAST_MATH = YES;
				ONLY_ACTIVE_ARCH = YES;
				SDKROOT = iphoneos;
				SWIFT_ACTIVE_COMPILATION_CONDITIONS = DEBUG;
				SWIFT_OPTIMIZATION_LEVEL = "-Onone";
			};
			name = Debug;
		};
		B687834B26EB921A00290988 /* Release */ = {
			isa = XCBuildConfiguration;
			buildSettings = {
				ALWAYS_SEARCH_USER_PATHS = NO;
				CLANG_ANALYZER_NONNULL = YES;
				CLANG_ANALYZER_NUMBER_OBJECT_CONVERSION = YES_AGGRESSIVE;
				CLANG_CXX_LANGUAGE_STANDARD = "gnu++14";
				CLANG_CXX_LIBRARY = "libc++";
				CLANG_ENABLE_MODULES = YES;
				CLANG_ENABLE_OBJC_ARC = YES;
				CLANG_ENABLE_OBJC_WEAK = YES;
				CLANG_WARN_BLOCK_CAPTURE_AUTORELEASING = YES;
				CLANG_WARN_BOOL_CONVERSION = YES;
				CLANG_WARN_COMMA = YES;
				CLANG_WARN_CONSTANT_CONVERSION = YES;
				CLANG_WARN_DEPRECATED_OBJC_IMPLEMENTATIONS = YES;
				CLANG_WARN_DIRECT_OBJC_ISA_USAGE = YES_ERROR;
				CLANG_WARN_DOCUMENTATION_COMMENTS = YES;
				CLANG_WARN_EMPTY_BODY = YES;
				CLANG_WARN_ENUM_CONVERSION = YES;
				CLANG_WARN_INFINITE_RECURSION = YES;
				CLANG_WARN_INT_CONVERSION = YES;
				CLANG_WARN_NON_LITERAL_NULL_CONVERSION = YES;
				CLANG_WARN_OBJC_IMPLICIT_RETAIN_SELF = YES;
				CLANG_WARN_OBJC_LITERAL_CONVERSION = YES;
				CLANG_WARN_OBJC_ROOT_CLASS = YES_ERROR;
				CLANG_WARN_QUOTED_INCLUDE_IN_FRAMEWORK_HEADER = YES;
				CLANG_WARN_RANGE_LOOP_ANALYSIS = YES;
				CLANG_WARN_STRICT_PROTOTYPES = YES;
				CLANG_WARN_SUSPICIOUS_MOVE = YES;
				CLANG_WARN_UNGUARDED_AVAILABILITY = YES_AGGRESSIVE;
				CLANG_WARN_UNREACHABLE_CODE = YES;
				CLANG_WARN__DUPLICATE_METHOD_MATCH = YES;
				COPY_PHASE_STRIP = NO;
				DEBUG_INFORMATION_FORMAT = "dwarf-with-dsym";
				ENABLE_NS_ASSERTIONS = NO;
				ENABLE_STRICT_OBJC_MSGSEND = YES;
				GCC_C_LANGUAGE_STANDARD = gnu11;
				GCC_NO_COMMON_BLOCKS = YES;
				GCC_WARN_64_TO_32_BIT_CONVERSION = YES;
				GCC_WARN_ABOUT_RETURN_TYPE = YES_ERROR;
				GCC_WARN_UNDECLARED_SELECTOR = YES;
				GCC_WARN_UNINITIALIZED_AUTOS = YES_AGGRESSIVE;
				GCC_WARN_UNUSED_FUNCTION = YES;
				GCC_WARN_UNUSED_VARIABLE = YES;
				IPHONEOS_DEPLOYMENT_TARGET = 14.0;
				MTL_ENABLE_DEBUG_INFO = NO;
				MTL_FAST_MATH = YES;
				SDKROOT = iphoneos;
				SWIFT_COMPILATION_MODE = wholemodule;
				SWIFT_OPTIMIZATION_LEVEL = "-O";
				VALIDATE_PRODUCT = YES;
			};
			name = Release;
		};
		B687834D26EB921A00290988 /* Debug */ = {
			isa = XCBuildConfiguration;
			baseConfigurationReference = FCA7B54626EEDDF7001A3864 /* Development.xcconfig */;
			buildSettings = {
				ASSETCATALOG_COMPILER_APPICON_NAME = AppIcon;
				ASSETCATALOG_COMPILER_GLOBAL_ACCENT_COLOR_NAME = AccentColor;
				CODE_SIGN_STYLE = Automatic;
				DEVELOPMENT_ASSET_PATHS = "\"SwiftUIComposableArchitecture/Previews\"";
				DEVELOPMENT_TEAM = B8PR34D6DP;
				ENABLE_PREVIEWS = YES;
				INFOPLIST_FILE = SwiftUIComposableArchitecture/Application/Info.plist;
				IPHONEOS_DEPLOYMENT_TARGET = 14.0;
				LD_RUNPATH_SEARCH_PATHS = (
					"$(inherited)",
					"@executable_path/Frameworks",
				);
				PRODUCT_BUNDLE_IDENTIFIER = jp.yuoku.PartialCopyableMenu.SwiftUIComposableArchitecture;
				PRODUCT_NAME = "$(TARGET_NAME)";
				SWIFT_VERSION = 5.0;
				TARGETED_DEVICE_FAMILY = "1,2";
			};
			name = Debug;
		};
		B687834E26EB921A00290988 /* Release */ = {
			isa = XCBuildConfiguration;
			baseConfigurationReference = FC3B945726EEE20100E16904 /* Production.xcconfig */;
			buildSettings = {
				ASSETCATALOG_COMPILER_APPICON_NAME = AppIcon;
				ASSETCATALOG_COMPILER_GLOBAL_ACCENT_COLOR_NAME = AccentColor;
				CODE_SIGN_STYLE = Automatic;
				DEVELOPMENT_ASSET_PATHS = "\"SwiftUIComposableArchitecture/Previews\"";
				DEVELOPMENT_TEAM = B8PR34D6DP;
				ENABLE_PREVIEWS = YES;
				INFOPLIST_FILE = SwiftUIComposableArchitecture/Application/Info.plist;
				IPHONEOS_DEPLOYMENT_TARGET = 14.0;
				LD_RUNPATH_SEARCH_PATHS = (
					"$(inherited)",
					"@executable_path/Frameworks",
				);
				PRODUCT_BUNDLE_IDENTIFIER = jp.yuoku.PartialCopyableMenu.SwiftUIComposableArchitecture;
				PRODUCT_NAME = "$(TARGET_NAME)";
				SWIFT_VERSION = 5.0;
				TARGETED_DEVICE_FAMILY = "1,2";
			};
			name = Release;
		};
		B687835026EB921A00290988 /* Debug */ = {
			isa = XCBuildConfiguration;
			baseConfigurationReference = FCA7B54626EEDDF7001A3864 /* Development.xcconfig */;
			buildSettings = {
				ALWAYS_EMBED_SWIFT_STANDARD_LIBRARIES = YES;
				BUNDLE_LOADER = "$(TEST_HOST)";
				CLANG_ENABLE_MODULES = YES;
				CODE_SIGN_STYLE = Automatic;
				DEVELOPMENT_TEAM = B8PR34D6DP;
				INFOPLIST_FILE = SwiftUIComposableArchitectureTests/Application/Info.plist;
				IPHONEOS_DEPLOYMENT_TARGET = 14.0;
				LD_RUNPATH_SEARCH_PATHS = (
					"$(inherited)",
					"@executable_path/Frameworks",
					"@loader_path/Frameworks",
				);
				PRODUCT_BUNDLE_IDENTIFIER = jp.yuoku.PartialCopyableMenu.SwiftUIComposableArchitectureTests;
				PRODUCT_NAME = "$(TARGET_NAME)";
				SWIFT_OPTIMIZATION_LEVEL = "-Onone";
				SWIFT_VERSION = 5.0;
				TARGETED_DEVICE_FAMILY = "1,2";
				TEST_HOST = "$(BUILT_PRODUCTS_DIR)/SwiftUIComposableArchitecture.app/SwiftUIComposableArchitecture";
			};
			name = Debug;
		};
		B687835126EB921A00290988 /* Release */ = {
			isa = XCBuildConfiguration;
			baseConfigurationReference = FC3B945726EEE20100E16904 /* Production.xcconfig */;
			buildSettings = {
				ALWAYS_EMBED_SWIFT_STANDARD_LIBRARIES = YES;
				BUNDLE_LOADER = "$(TEST_HOST)";
				CLANG_ENABLE_MODULES = YES;
				CODE_SIGN_STYLE = Automatic;
				DEVELOPMENT_TEAM = B8PR34D6DP;
				INFOPLIST_FILE = SwiftUIComposableArchitectureTests/Application/Info.plist;
				IPHONEOS_DEPLOYMENT_TARGET = 14.0;
				LD_RUNPATH_SEARCH_PATHS = (
					"$(inherited)",
					"@executable_path/Frameworks",
					"@loader_path/Frameworks",
				);
				PRODUCT_BUNDLE_IDENTIFIER = jp.yuoku.PartialCopyableMenu.SwiftUIComposableArchitectureTests;
				PRODUCT_NAME = "$(TARGET_NAME)";
				SWIFT_VERSION = 5.0;
				TARGETED_DEVICE_FAMILY = "1,2";
				TEST_HOST = "$(BUILT_PRODUCTS_DIR)/SwiftUIComposableArchitecture.app/SwiftUIComposableArchitecture";
			};
			name = Release;
		};
		FC3B946B26EEF00600E16904 /* Debug */ = {
			isa = XCBuildConfiguration;
			buildSettings = {
				ALWAYS_EMBED_SWIFT_STANDARD_LIBRARIES = YES;
				BUNDLE_LOADER = "$(TEST_HOST)";
				CODE_SIGN_STYLE = Automatic;
				DEVELOPMENT_TEAM = B8PR34D6DP;
				INFOPLIST_FILE = SwiftUIComposableArchitectureSnapshotTests/Application/Info.plist;
				IPHONEOS_DEPLOYMENT_TARGET = 14.0;
				LD_RUNPATH_SEARCH_PATHS = (
					"$(inherited)",
					"@executable_path/Frameworks",
					"@loader_path/Frameworks",
				);
				PRODUCT_BUNDLE_IDENTIFIER = jp.yuoku.SwiftUIComposableArchitectureSnapshotTests;
				PRODUCT_NAME = "$(TARGET_NAME)";
				SWIFT_VERSION = 5.0;
				TARGETED_DEVICE_FAMILY = "1,2";
				TEST_HOST = "$(BUILT_PRODUCTS_DIR)/SwiftUIComposableArchitecture.app/SwiftUIComposableArchitecture";
			};
			name = Debug;
		};
		FC3B946C26EEF00600E16904 /* Release */ = {
			isa = XCBuildConfiguration;
			buildSettings = {
				ALWAYS_EMBED_SWIFT_STANDARD_LIBRARIES = YES;
				BUNDLE_LOADER = "$(TEST_HOST)";
				CODE_SIGN_STYLE = Automatic;
				DEVELOPMENT_TEAM = B8PR34D6DP;
				INFOPLIST_FILE = SwiftUIComposableArchitectureSnapshotTests/Application/Info.plist;
				IPHONEOS_DEPLOYMENT_TARGET = 14.0;
				LD_RUNPATH_SEARCH_PATHS = (
					"$(inherited)",
					"@executable_path/Frameworks",
					"@loader_path/Frameworks",
				);
				PRODUCT_BUNDLE_IDENTIFIER = jp.yuoku.SwiftUIComposableArchitectureSnapshotTests;
				PRODUCT_NAME = "$(TARGET_NAME)";
				SWIFT_VERSION = 5.0;
				TARGETED_DEVICE_FAMILY = "1,2";
				TEST_HOST = "$(BUILT_PRODUCTS_DIR)/SwiftUIComposableArchitecture.app/SwiftUIComposableArchitecture";
			};
			name = Release;
		};
/* End XCBuildConfiguration section */

/* Begin XCConfigurationList section */
		B687832226EB921A00290988 /* Build configuration list for PBXProject "SwiftUIComposableArchitecture" */ = {
			isa = XCConfigurationList;
			buildConfigurations = (
				B687834A26EB921A00290988 /* Debug */,
				B687834B26EB921A00290988 /* Release */,
			);
			defaultConfigurationIsVisible = 0;
			defaultConfigurationName = Release;
		};
		B687834C26EB921A00290988 /* Build configuration list for PBXNativeTarget "SwiftUIComposableArchitecture" */ = {
			isa = XCConfigurationList;
			buildConfigurations = (
				B687834D26EB921A00290988 /* Debug */,
				B687834E26EB921A00290988 /* Release */,
			);
			defaultConfigurationIsVisible = 0;
			defaultConfigurationName = Release;
		};
		B687834F26EB921A00290988 /* Build configuration list for PBXNativeTarget "SwiftUIComposableArchitectureTests" */ = {
			isa = XCConfigurationList;
			buildConfigurations = (
				B687835026EB921A00290988 /* Debug */,
				B687835126EB921A00290988 /* Release */,
			);
			defaultConfigurationIsVisible = 0;
			defaultConfigurationName = Release;
		};
		FC3B946A26EEF00600E16904 /* Build configuration list for PBXNativeTarget "SwiftUIComposableArchitectureSnapshotTests" */ = {
			isa = XCConfigurationList;
			buildConfigurations = (
				FC3B946B26EEF00600E16904 /* Debug */,
				FC3B946C26EEF00600E16904 /* Release */,
			);
			defaultConfigurationIsVisible = 0;
			defaultConfigurationName = Release;
		};
/* End XCConfigurationList section */

/* Begin XCRemoteSwiftPackageReference section */
		B61F957626EE42E800CB4017 /* XCRemoteSwiftPackageReference "swift-snapshot-testing" */ = {
			isa = XCRemoteSwiftPackageReference;
			repositoryURL = "https://github.com/pointfreeco/swift-snapshot-testing.git";
			requirement = {
				kind = upToNextMajorVersion;
				minimumVersion = 1.9.0;
			};
		};
		B687835B26EB9B2400290988 /* XCRemoteSwiftPackageReference "swift-composable-architecture" */ = {
			isa = XCRemoteSwiftPackageReference;
			repositoryURL = "https://github.com/pointfreeco/swift-composable-architecture";
			requirement = {
				kind = upToNextMajorVersion;
				minimumVersion = 0.27.0;
			};
		};
		B68783AB26EC947A00290988 /* XCRemoteSwiftPackageReference "GRDB" */ = {
			isa = XCRemoteSwiftPackageReference;
			repositoryURL = "https://github.com/groue/GRDB.swift";
			requirement = {
				kind = upToNextMajorVersion;
				minimumVersion = 5.11.0;
			};
		};
		B68783B326EC97FD00290988 /* XCRemoteSwiftPackageReference "Kingfisher" */ = {
			isa = XCRemoteSwiftPackageReference;
			repositoryURL = "https://github.com/onevcat/Kingfisher";
			requirement = {
				kind = upToNextMajorVersion;
				minimumVersion = 6.3.1;
			};
		};
/* End XCRemoteSwiftPackageReference section */

/* Begin XCSwiftPackageProductDependency section */
		B61F957726EE42E800CB4017 /* SnapshotTesting */ = {
			isa = XCSwiftPackageProductDependency;
			package = B61F957626EE42E800CB4017 /* XCRemoteSwiftPackageReference "swift-snapshot-testing" */;
			productName = SnapshotTesting;
		};
		B687835C26EB9B2400290988 /* ComposableArchitecture */ = {
			isa = XCSwiftPackageProductDependency;
			package = B687835B26EB9B2400290988 /* XCRemoteSwiftPackageReference "swift-composable-architecture" */;
			productName = ComposableArchitecture;
		};
		B68783AC26EC947A00290988 /* GRDB */ = {
			isa = XCSwiftPackageProductDependency;
			package = B68783AB26EC947A00290988 /* XCRemoteSwiftPackageReference "GRDB" */;
			productName = GRDB;
		};
		B68783B426EC97FD00290988 /* Kingfisher */ = {
			isa = XCSwiftPackageProductDependency;
			package = B68783B326EC97FD00290988 /* XCRemoteSwiftPackageReference "Kingfisher" */;
			productName = Kingfisher;
		};
		FC3B946E26EEF04800E16904 /* SnapshotTesting */ = {
			isa = XCSwiftPackageProductDependency;
			package = B61F957626EE42E800CB4017 /* XCRemoteSwiftPackageReference "swift-snapshot-testing" */;
			productName = SnapshotTesting;
		};
/* End XCSwiftPackageProductDependency section */
	};
	rootObject = B687831F26EB921A00290988 /* Project object */;
}
